
Microsoft Visual Studio Solution File, Format Version 12.00
# Visual Studio Version 17
VisualStudioVersion = 17.7.34221.43
MinimumVisualStudioVersion = 10.0.40219.1
Project("{FAE04EC0-301F-11D3-BF4B-00C04F79EFBC}") = "ShapeArealip", "ShapeArealip\ShapeArealip.csproj", "{60A7C776-3BF4-4058-AA00-46E27516F124}"
EndProject
Global
	GlobalSection(SolutionConfigurationPlatforms) = preSolution
		Debug|Any CPU = Debug|Any CPU
		Release|Any CPU = Release|Any CPU
	EndGlobalSection
	GlobalSection(ProjectConfigurationPlatforms) = postSolution
		{60A7C776-3BF4-4058-AA00-46E27516F124}.Debug|Any CPU.ActiveCfg = Debug|Any CPU
		{60A7C776-3BF4-4058-AA00-46E27516F124}.Debug|Any CPU.Build.0 = Debug|Any CPU
		{60A7C776-3BF4-4058-AA00-46E27516F124}.Release|Any CPU.ActiveCfg = Release|Any CPU
		{60A7C776-3BF4-4058-AA00-46E27516F124}.Release|Any CPU.Build.0 = Release|Any CPU
	EndGlobalSection
	GlobalSection(SolutionProperties) = preSolution
		HideSolutionNode = FALSE
	EndGlobalSection
	GlobalSection(ExtensibilityGlobals) = postSolution
		SolutionGuid = {DDE08FB0-0A34-48D6-941C-266281851ECE}
	EndGlobalSection
EndGlobal
